// !$*UTF8*$!
{
	archiveVersion = 1;
	classes = {
	};
	objectVersion = 50;
	objects = {

/* Begin PBXBuildFile section */
		131F4F7B21957E7900642C23 /* AppDelegate.swift in Sources */ = {isa = PBXBuildFile; fileRef = 131F4F7A21957E7900642C23 /* AppDelegate.swift */; };
		131F4F7D21957E7900642C23 /* CategoryVC.swift in Sources */ = {isa = PBXBuildFile; fileRef = 131F4F7C21957E7900642C23 /* CategoryVC.swift */; };
		131F4F8021957E7900642C23 /* Main.storyboard in Resources */ = {isa = PBXBuildFile; fileRef = 131F4F7E21957E7900642C23 /* Main.storyboard */; };
		131F4F8221957E7900642C23 /* Assets.xcassets in Resources */ = {isa = PBXBuildFile; fileRef = 131F4F8121957E7900642C23 /* Assets.xcassets */; };
		131F4F8521957E7900642C23 /* LaunchScreen.storyboard in Resources */ = {isa = PBXBuildFile; fileRef = 131F4F8321957E7900642C23 /* LaunchScreen.storyboard */; };
		131F4F912195831100642C23 /* CategoryCell.swift in Sources */ = {isa = PBXBuildFile; fileRef = 131F4F902195831100642C23 /* CategoryCell.swift */; };
		131F4F932195863600642C23 /* Category.swift in Sources */ = {isa = PBXBuildFile; fileRef = 131F4F922195863600642C23 /* Category.swift */; };
		131F4F95219586B800642C23 /* DataService.swift in Sources */ = {isa = PBXBuildFile; fileRef = 131F4F94219586B800642C23 /* DataService.swift */; };
		131F4F972195923500642C23 /* ProductCell.swift in Sources */ = {isa = PBXBuildFile; fileRef = 131F4F962195923500642C23 /* ProductCell.swift */; };
/* End PBXBuildFile section */

/* Begin PBXFileReference section */
		131F4F7721957E7900642C23 /* CoderSwag-Shop.app */ = {isa = PBXFileReference; explicitFileType = wrapper.application; includeInIndex = 0; path = "CoderSwag-Shop.app"; sourceTree = BUILT_PRODUCTS_DIR; };
		131F4F7A21957E7900642C23 /* AppDelegate.swift */ = {isa = PBXFileReference; lastKnownFileType = sourcecode.swift; path = AppDelegate.swift; sourceTree = "<group>"; };
		131F4F7C21957E7900642C23 /* CategoryVC.swift */ = {isa = PBXFileReference; lastKnownFileType = sourcecode.swift; path = CategoryVC.swift; sourceTree = "<group>"; };
		131F4F7F21957E7900642C23 /* Base */ = {isa = PBXFileReference; lastKnownFileType = file.storyboard; name = Base; path = Base.lproj/Main.storyboard; sourceTree = "<group>"; };
		131F4F8121957E7900642C23 /* Assets.xcassets */ = {isa = PBXFileReference; lastKnownFileType = folder.assetcatalog; path = Assets.xcassets; sourceTree = "<group>"; };
		131F4F8421957E7900642C23 /* Base */ = {isa = PBXFileReference; lastKnownFileType = file.storyboard; name = Base; path = Base.lproj/LaunchScreen.storyboard; sourceTree = "<group>"; };
		131F4F8621957E7900642C23 /* Info.plist */ = {isa = PBXFileReference; lastKnownFileType = text.plist.xml; path = Info.plist; sourceTree = "<group>"; };
		131F4F902195831100642C23 /* CategoryCell.swift */ = {isa = PBXFileReference; lastKnownFileType = sourcecode.swift; path = CategoryCell.swift; sourceTree = "<group>"; };
		131F4F922195863600642C23 /* Category.swift */ = {isa = PBXFileReference; lastKnownFileType = sourcecode.swift; path = Category.swift; sourceTree = "<group>"; };
		131F4F94219586B800642C23 /* DataService.swift */ = {isa = PBXFileReference; lastKnownFileType = sourcecode.swift; path = DataService.swift; sourceTree = "<group>"; };
		131F4F962195923500642C23 /* ProductCell.swift */ = {isa = PBXFileReference; lastKnownFileType = sourcecode.swift; path = ProductCell.swift; sourceTree = "<group>"; };
/* End PBXFileReference section */

/* Begin PBXFrameworksBuildPhase section */
		131F4F7421957E7900642C23 /* Frameworks */ = {
			isa = PBXFrameworksBuildPhase;
			buildActionMask = 2147483647;
			files = (
			);
			runOnlyForDeploymentPostprocessing = 0;
		};
/* End PBXFrameworksBuildPhase section */

/* Begin PBXGroup section */
		131F4F6E21957E7900642C23 = {
			isa = PBXGroup;
			children = (
				131F4F7921957E7900642C23 /* CoderSwag-Shop */,
				131F4F7821957E7900642C23 /* Products */,
			);
			sourceTree = "<group>";
		};
		131F4F7821957E7900642C23 /* Products */ = {
			isa = PBXGroup;
			children = (
				131F4F7721957E7900642C23 /* CoderSwag-Shop.app */,
			);
			name = Products;
			sourceTree = "<group>";
		};
		131F4F7921957E7900642C23 /* CoderSwag-Shop */ = {
			isa = PBXGroup;
			children = (
				131F4F8F219582B900642C23 /* Service */,
				131F4F8D219582AC00642C23 /* Model */,
				131F4F8E219582B400642C23 /* View */,
				131F4F8C2195829E00642C23 /* Controller */,
				131F4F7A21957E7900642C23 /* AppDelegate.swift */,
				131F4F7E21957E7900642C23 /* Main.storyboard */,
				131F4F8121957E7900642C23 /* Assets.xcassets */,
				131F4F8321957E7900642C23 /* LaunchScreen.storyboard */,
				131F4F8621957E7900642C23 /* Info.plist */,
			);
			path = "CoderSwag-Shop";
			sourceTree = "<group>";
		};
		131F4F8C2195829E00642C23 /* Controller */ = {
			isa = PBXGroup;
			children = (
				131F4F7C21957E7900642C23 /* CategoryVC.swift */,
			);
			path = Controller;
			sourceTree = "<group>";
		};
		131F4F8D219582AC00642C23 /* Model */ = {
			isa = PBXGroup;
			children = (
				131F4F922195863600642C23 /* Category.swift */,
			);
			path = Model;
			sourceTree = "<group>";
		};
		131F4F8E219582B400642C23 /* View */ = {
			isa = PBXGroup;
			children = (
				131F4F902195831100642C23 /* CategoryCell.swift */,
				131F4F962195923500642C23 /* ProductCell.swift */,
			);
			path = View;
			sourceTree = "<group>";
		};
		131F4F8F219582B900642C23 /* Service */ = {
			isa = PBXGroup;
			children = (
				131F4F94219586B800642C23 /* DataService.swift */,
			);
			path = Service;
			sourceTree = "<group>";
		};
/* End PBXGroup section */

/* Begin PBXNativeTarget section */
		131F4F7621957E7900642C23 /* CoderSwag-Shop */ = {
			isa = PBXNativeTarget;
			buildConfigurationList = 131F4F8921957E7900642C23 /* Build configuration list for PBXNativeTarget "CoderSwag-Shop" */;
			buildPhases = (
				131F4F7321957E7900642C23 /* Sources */,
				131F4F7421957E7900642C23 /* Frameworks */,
				131F4F7521957E7900642C23 /* Resources */,
			);
			buildRules = (
			);
			dependencies = (
			);
			name = "CoderSwag-Shop";
			productName = "CoderSwag-Shop";
			productReference = 131F4F7721957E7900642C23 /* CoderSwag-Shop.app */;
			productType = "com.apple.product-type.application";
		};
/* End PBXNativeTarget section */

/* Begin PBXProject section */
		131F4F6F21957E7900642C23 /* Project object */ = {
			isa = PBXProject;
			attributes = {
				LastSwiftUpdateCheck = 1010;
				LastUpgradeCheck = 1010;
				ORGANIZATIONNAME = "Dobs Totev";
				TargetAttributes = {
					131F4F7621957E7900642C23 = {
						CreatedOnToolsVersion = 10.1;
					};
				};
			};
			buildConfigurationList = 131F4F7221957E7900642C23 /* Build configuration list for PBXProject "CoderSwag-Shop" */;
			compatibilityVersion = "Xcode 9.3";
			developmentRegion = en;
			hasScannedForEncodings = 0;
			knownRegions = (
				en,
				Base,
			);
			mainGroup = 131F4F6E21957E7900642C23;
			productRefGroup = 131F4F7821957E7900642C23 /* Products */;
			projectDirPath = "";
			projectRoot = "";
			targets = (
				131F4F7621957E7900642C23 /* CoderSwag-Shop */,
			);
		};
/* End PBXProject section */

/* Begin PBXResourcesBuildPhase section */
		131F4F7521957E7900642C23 /* Resources */ = {
			isa = PBXResourcesBuildPhase;
			buildActionMask = 2147483647;
			files = (
				131F4F8521957E7900642C23 /* LaunchScreen.storyboard in Resources */,
				131F4F8221957E7900642C23 /* Assets.xcassets in Resources */,
				131F4F8021957E7900642C23 /* Main.storyboard in Resources */,
			);
			runOnlyForDeploymentPostprocessing = 0;
		};
/* End PBXResourcesBuildPhase section */

/* Begin PBXSourcesBuildPhase section */
		131F4F7321957E7900642C23 /* Sources */ = {
			isa = PBXSourcesBuildPhase;
			buildActionMask = 2147483647;
			files = (
				131F4F7D21957E7900642C23 /* CategoryVC.swift in Sources */,
				131F4F7B21957E7900642C23 /* AppDelegate.swift in Sources */,
				131F4F912195831100642C23 /* CategoryCell.swift in Sources */,
				131F4F972195923500642C23 /* ProductCell.swift in Sources */,
				131F4F932195863600642C23 /* Category.swift in Sources */,
				131F4F95219586B800642C23 /* DataService.swift in Sources */,
			);
			runOnlyForDeploymentPostprocessing = 0;
		};
/* End PBXSourcesBuildPhase section */

/* Begin PBXVariantGroup section */
		131F4F7E21957E7900642C23 /* Main.storyboard */ = {
			isa = PBXVariantGroup;
			children = (
				131F4F7F21957E7900642C23 /* Base */,
			);
			name = Main.storyboard;
			sourceTree = "<group>";
		};
		131F4F8321957E7900642C23 /* LaunchScreen.storyboard */ = {
			isa = PBXVariantGroup;
			children = (
				131F4F8421957E7900642C23 /* Base */,
			);
			name = LaunchScreen.storyboard;
			sourceTree = "<group>";
		};
/* End PBXVariantGroup section */

/* Begin XCBuildConfiguration section */
		131F4F8721957E7900642C23 /* Debug */ = {
			isa = XCBuildConfiguration;
			buildSettings = {
				ALWAYS_SEARCH_USER_PATHS = NO;
				CLANG_ANALYZER_NONNULL = YES;
				CLANG_ANALYZER_NUMBER_OBJECT_CONVERSION = YES_AGGRESSIVE;
				CLANG_CXX_LANGUAGE_STANDARD = "gnu++14";
				CLANG_CXX_LIBRARY = "libc++";
				CLANG_ENABLE_MODULES = YES;
				CLANG_ENABLE_OBJC_ARC = YES;
				CLANG_ENABLE_OBJC_WEAK = YES;
				CLANG_WARN_BLOCK_CAPTURE_AUTORELEASING = YES;
				CLANG_WARN_BOOL_CONVERSION = YES;
				CLANG_WARN_COMMA = YES;
				CLANG_WARN_CONSTANT_CONVERSION = YES;
				CLANG_WARN_DEPRECATED_OBJC_IMPLEMENTATIONS = YES;
				CLANG_WARN_DIRECT_OBJC_ISA_USAGE = YES_ERROR;
				CLANG_WARN_DOCUMENTATION_COMMENTS = YES;
				CLANG_WARN_EMPTY_BODY = YES;
				CLANG_WARN_ENUM_CONVERSION = YES;
				CLANG_WARN_INFINITE_RECURSION = YES;
				CLANG_WARN_INT_CONVERSION = YES;
				CLANG_WARN_NON_LITERAL_NULL_CONVERSION = YES;
				CLANG_WARN_OBJC_IMPLICIT_RETAIN_SELF = YES;
				CLANG_WARN_OBJC_LITERAL_CONVERSION = YES;
				CLANG_WARN_OBJC_ROOT_CLASS = YES_ERROR;
				CLANG_WARN_RANGE_LOOP_ANALYSIS = YES;
				CLANG_WARN_STRICT_PROTOTYPES = YES;
				CLANG_WARN_SUSPICIOUS_MOVE = YES;
				CLANG_WARN_UNGUARDED_AVAILABILITY = YES_AGGRESSIVE;
				CLANG_WARN_UNREACHABLE_CODE = YES;
				CLANG_WARN__DUPLICATE_METHOD_MATCH = YES;
				CODE_SIGN_IDENTITY = "iPhone Developer";
				COPY_PHASE_STRIP = NO;
				DEBUG_INFORMATION_FORMAT = dwarf;
				ENABLE_STRICT_OBJC_MSGSEND = YES;
				ENABLE_TESTABILITY = YES;
				GCC_C_LANGUAGE_STANDARD = gnu11;
				GCC_DYNAMIC_NO_PIC = NO;
				GCC_NO_COMMON_BLOCKS = YES;
				GCC_OPTIMIZATION_LEVEL = 0;
				GCC_PREPROCESSOR_DEFINITIONS = (
					"DEBUG=1",
					"$(inherited)",
				);
				GCC_WARN_64_TO_32_BIT_CONVERSION = YES;
				GCC_WARN_ABOUT_RETURN_TYPE = YES_ERROR;
				GCC_WARN_UNDECLARED_SELECTOR = YES;
				GCC_WARN_UNINITIALIZED_AUTOS = YES_AGGRESSIVE;
				GCC_WARN_UNUSED_FUNCTION = YES;
				GCC_WARN_UNUSED_VARIABLE = YES;
				IPHONEOS_DEPLOYMENT_TARGET = 12.1;
				MTL_ENABLE_DEBUG_INFO = INCLUDE_SOURCE;
				MTL_FAST_MATH = YES;
				ONLY_ACTIVE_ARCH = YES;
				SDKROOT = iphoneos;
				SWIFT_ACTIVE_COMPILATION_CONDITIONS = DEBUG;
				SWIFT_OPTIMIZATION_LEVEL = "-Onone";
			};
			name = Debug;
		};
		131F4F8821957E7900642C23 /* Release */ = {
			isa = XCBuildConfiguration;
			buildSettings = {
				ALWAYS_SEARCH_USER_PATHS = NO;
				CLANG_ANALYZER_NONNULL = YES;
				CLANG_ANALYZER_NUMBER_OBJECT_CONVERSION = YES_AGGRESSIVE;
				CLANG_CXX_LANGUAGE_STANDARD = "gnu++14";
				CLANG_CXX_LIBRARY = "libc++";
				CLANG_ENABLE_MODULES = YES;
				CLANG_ENABLE_OBJC_ARC = YES;
				CLANG_ENABLE_OBJC_WEAK = YES;
				CLANG_WARN_BLOCK_CAPTURE_AUTORELEASING = YES;
				CLANG_WARN_BOOL_CONVERSION = YES;
				CLANG_WARN_COMMA = YES;
				CLANG_WARN_CONSTANT_CONVERSION = YES;
				CLANG_WARN_DEPRECATED_OBJC_IMPLEMENTATIONS = YES;
				CLANG_WARN_DIRECT_OBJC_ISA_USAGE = YES_ERROR;
				CLANG_WARN_DOCUMENTATION_COMMENTS = YES;
				CLANG_WARN_EMPTY_BODY = YES;
				CLANG_WARN_ENUM_CONVERSION = YES;
				CLANG_WARN_INFINITE_RECURSION = YES;
				CLANG_WARN_INT_CONVERSION = YES;
				CLANG_WARN_NON_LITERAL_NULL_CONVERSION = YES;
				CLANG_WARN_OBJC_IMPLICIT_RETAIN_SELF = YES;
				CLANG_WARN_OBJC_LITERAL_CONVERSION = YES;
				CLANG_WARN_OBJC_ROOT_CLASS = YES_ERROR;
				CLANG_WARN_RANGE_LOOP_ANALYSIS = YES;
				CLANG_WARN_STRICT_PROTOTYPES = YES;
				CLANG_WARN_SUSPICIOUS_MOVE = YES;
				CLANG_WARN_UNGUARDED_AVAILABILITY = YES_AGGRESSIVE;
				CLANG_WARN_UNREACHABLE_CODE = YES;
				CLANG_WARN__DUPLICATE_METHOD_MATCH = YES;
				CODE_SIGN_IDENTITY = "iPhone Developer";
				COPY_PHASE_STRIP = NO;
				DEBUG_INFORMATION_FORMAT = "dwarf-with-dsym";
				ENABLE_NS_ASSERTIONS = NO;
				ENABLE_STRICT_OBJC_MSGSEND = YES;
				GCC_C_LANGUAGE_STANDARD = gnu11;
				GCC_NO_COMMON_BLOCKS = YES;
				GCC_WARN_64_TO_32_BIT_CONVERSION = YES;
				GCC_WARN_ABOUT_RETURN_TYPE = YES_ERROR;
				GCC_WARN_UNDECLARED_SELECTOR = YES;
				GCC_WARN_UNINITIALIZED_AUTOS = YES_AGGRESSIVE;
				GCC_WARN_UNUSED_FUNCTION = YES;
				GCC_WARN_UNUSED_VARIABLE = YES;
				IPHONEOS_DEPLOYMENT_TARGET = 12.1;
				MTL_ENABLE_DEBUG_INFO = NO;
				MTL_FAST_MATH = YES;
				SDKROOT = iphoneos;
				SWIFT_COMPILATION_MODE = wholemodule;
				SWIFT_OPTIMIZATION_LEVEL = "-O";
				VALIDATE_PRODUCT = YES;
			};
			name = Release;
		};
		131F4F8A21957E7900642C23 /* Debug */ = {
			isa = XCBuildConfiguration;
			buildSettings = {
				ASSETCATALOG_COMPILER_APPICON_NAME = AppIcon;
				CODE_SIGN_STYLE = Automatic;
				DEVELOPMENT_TEAM = MY8M68AY63;
				INFOPLIST_FILE = "CoderSwag-Shop/Info.plist";
				LD_RUNPATH_SEARCH_PATHS = (
					"$(inherited)",
					"@executable_path/Frameworks",
				);
				PRODUCT_BUNDLE_IDENTIFIER = "DDOBS.CoderSwag-Shop";
				PRODUCT_NAME = "$(TARGET_NAME)";
				SWIFT_VERSION = 4.2;
				TARGETED_DEVICE_FAMILY = "1,2";
			};
			name = Debug;
		};
		131F4F8B21957E7900642C23 /* Release */ = {
			isa = XCBuildConfiguration;
			buildSettings = {
				ASSETCATALOG_COMPILER_APPICON_NAME = AppIcon;
				CODE_SIGN_STYLE = Automatic;
				DEVELOPMENT_TEAM = MY8M68AY63;
				INFOPLIST_FILE = "CoderSwag-Shop/Info.plist";
				LD_RUNPATH_SEARCH_PATHS = (
					"$(inherited)",
					"@executable_path/Frameworks",
				);
				PRODUCT_BUNDLE_IDENTIFIER = "DDOBS.CoderSwag-Shop";
				PRODUCT_NAME = "$(TARGET_NAME)";
				SWIFT_VERSION = 4.2;
				TARGETED_DEVICE_FAMILY = "1,2";
			};
			name = Release;
		};
/* End XCBuildConfiguration section */

/* Begin XCConfigurationList section */
		131F4F7221957E7900642C23 /* Build configuration list for PBXProject "CoderSwag-Shop" */ = {
			isa = XCConfigurationList;
			buildConfigurations = (
				131F4F8721957E7900642C23 /* Debug */,
				131F4F8821957E7900642C23 /* Release */,
			);
			defaultConfigurationIsVisible = 0;
			defaultConfigurationName = Release;
		};
		131F4F8921957E7900642C23 /* Build configuration list for PBXNativeTarget "CoderSwag-Shop" */ = {
			isa = XCConfigurationList;
			buildConfigurations = (
				131F4F8A21957E7900642C23 /* Debug */,
				131F4F8B21957E7900642C23 /* Release */,
			);
			defaultConfigurationIsVisible = 0;
			defaultConfigurationName = Release;
		};
/* End XCConfigurationList section */
	};
	rootObject = 131F4F6F21957E7900642C23 /* Project object */;
}
